uuid: 770a0f9a-af8c-47eb-a494-b5133c122f20
langcode: fi
status: true
dependencies:
  module:
    - ctools
    - system
    - uh_space_site
  theme:
    - uh_space
id: heroblock
theme: uh_space
region: content_top
weight: -3
provider: null
plugin: hero_block
settings:
  id: hero_block
  label: 'Hero Block'
  label_display: '0'
  provider: uh_space_site
visibility:
  'entity_bundle:node':
    id: 'entity_bundle:node'
    negate: false
    context_mapping:
      node: '@node.node_route_context:node'
    bundles:
      page: page
  request_path:
    id: request_path
    negate: false
    context_mapping: {  }
    pages: '<front>'
